
Microsoft Visual Studio Solution File, Format Version 12.00
# Visual Studio 15
VisualStudioVersion = 15.0.27703.2026
MinimumVisualStudioVersion = 10.0.40219.1
Project("{FAE04EC0-301F-11D3-BF4B-00C04F79EFBC}") = "cs201806Kursus", "cs201806Kursus\cs201806Kursus.csproj", "{47DC9FA0-DF25-4F38-A20F-7D04BD8F6F97}"
EndProject
Project("{FAE04EC0-301F-11D3-BF4B-00C04F79EFBC}") = "cs201806 Egenskaber", "cs201806 Egenskaber\cs201806 Egenskaber.csproj", "{B8D73738-60EE-4B30-B2AE-6B16D12C6527}"
EndProject
Project("{FAE04EC0-301F-11D3-BF4B-00C04F79EFBC}") = "cs201806 BestPractice", "cs201806 BestPractice\cs201806 BestPractice.csproj", "{DE218B9F-79E6-420E-9E0D-B8A96417E8C8}"
EndProject
Project("{FAE04EC0-301F-11D3-BF4B-00C04F79EFBC}") = "cs201806 Trekant", "cs201806 Trekant\cs201806 Trekant.csproj", "{C64FA643-E693-4B6A-91C1-D62B69A4771D}"
EndProject
Project("{FAE04EC0-301F-11D3-BF4B-00C04F79EFBC}") = "cs201806 Terning", "cs201806 Terning\cs201806 Terning.csproj", "{D191BA2C-F9F7-4379-829C-2911A1E74970}"
EndProject
Project("{FAE04EC0-301F-11D3-BF4B-00C04F79EFBC}") = "cs201806 ArealBeregning", "cs201806 ArealBeregning\cs201806 ArealBeregning.csproj", "{4D74615D-9620-4E6B-ADC5-226FD02DD427}"
EndProject
Project("{FAE04EC0-301F-11D3-BF4B-00C04F79EFBC}") = "Kursus.Kortspil.Kerne", "Kursus.Kortspil.Kerne\Kursus.Kortspil.Kerne.csproj", "{08772A72-00E7-4EBF-BE36-6A32927EC959}"
EndProject
Project("{FAE04EC0-301F-11D3-BF4B-00C04F79EFBC}") = "cs201806 Person", "cs201806 Person\cs201806 Person.csproj", "{C66B381F-232F-413D-B545-C4C1A8B40D6F}"
EndProject
Project("{FAE04EC0-301F-11D3-BF4B-00C04F79EFBC}") = "201806 Arv(Random)", "201806 Arv(Random)\201806 Arv(Random).csproj", "{4D2BCD61-CD43-4AA8-ACF8-ED54C7F74C7A}"
EndProject
Project("{FAE04EC0-301F-11D3-BF4B-00C04F79EFBC}") = "cs201806 Person Polymorfi", "cs201806 Person Polymorfi\cs201806 Person Polymorfi.csproj", "{4B40E0F9-635B-4179-9A28-53ACD8C8F686}"
EndProject
Project("{FAE04EC0-301F-11D3-BF4B-00C04F79EFBC}") = "cs201806 Dyr Polymorfi", "cs201806 Dyr Polymorfi\cs201806 Dyr Polymorfi.csproj", "{F2AC415D-28E5-4AFF-AAD4-2686F6AE7F08}"
EndProject
Global
	GlobalSection(SolutionConfigurationPlatforms) = preSolution
		Debug|Any CPU = Debug|Any CPU
		Release|Any CPU = Release|Any CPU
	EndGlobalSection
	GlobalSection(ProjectConfigurationPlatforms) = postSolution
		{47DC9FA0-DF25-4F38-A20F-7D04BD8F6F97}.Debug|Any CPU.ActiveCfg = Debug|Any CPU
		{47DC9FA0-DF25-4F38-A20F-7D04BD8F6F97}.Debug|Any CPU.Build.0 = Debug|Any CPU
		{47DC9FA0-DF25-4F38-A20F-7D04BD8F6F97}.Release|Any CPU.ActiveCfg = Release|Any CPU
		{47DC9FA0-DF25-4F38-A20F-7D04BD8F6F97}.Release|Any CPU.Build.0 = Release|Any CPU
		{B8D73738-60EE-4B30-B2AE-6B16D12C6527}.Debug|Any CPU.ActiveCfg = Debug|Any CPU
		{B8D73738-60EE-4B30-B2AE-6B16D12C6527}.Debug|Any CPU.Build.0 = Debug|Any CPU
		{B8D73738-60EE-4B30-B2AE-6B16D12C6527}.Release|Any CPU.ActiveCfg = Release|Any CPU
		{B8D73738-60EE-4B30-B2AE-6B16D12C6527}.Release|Any CPU.Build.0 = Release|Any CPU
		{DE218B9F-79E6-420E-9E0D-B8A96417E8C8}.Debug|Any CPU.ActiveCfg = Debug|Any CPU
		{DE218B9F-79E6-420E-9E0D-B8A96417E8C8}.Debug|Any CPU.Build.0 = Debug|Any CPU
		{DE218B9F-79E6-420E-9E0D-B8A96417E8C8}.Release|Any CPU.ActiveCfg = Release|Any CPU
		{DE218B9F-79E6-420E-9E0D-B8A96417E8C8}.Release|Any CPU.Build.0 = Release|Any CPU
		{C64FA643-E693-4B6A-91C1-D62B69A4771D}.Debug|Any CPU.ActiveCfg = Debug|Any CPU
		{C64FA643-E693-4B6A-91C1-D62B69A4771D}.Debug|Any CPU.Build.0 = Debug|Any CPU
		{C64FA643-E693-4B6A-91C1-D62B69A4771D}.Release|Any CPU.ActiveCfg = Release|Any CPU
		{C64FA643-E693-4B6A-91C1-D62B69A4771D}.Release|Any CPU.Build.0 = Release|Any CPU
		{D191BA2C-F9F7-4379-829C-2911A1E74970}.Debug|Any CPU.ActiveCfg = Debug|Any CPU
		{D191BA2C-F9F7-4379-829C-2911A1E74970}.Debug|Any CPU.Build.0 = Debug|Any CPU
		{D191BA2C-F9F7-4379-829C-2911A1E74970}.Release|Any CPU.ActiveCfg = Release|Any CPU
		{D191BA2C-F9F7-4379-829C-2911A1E74970}.Release|Any CPU.Build.0 = Release|Any CPU
		{4D74615D-9620-4E6B-ADC5-226FD02DD427}.Debug|Any CPU.ActiveCfg = Debug|Any CPU
		{4D74615D-9620-4E6B-ADC5-226FD02DD427}.Debug|Any CPU.Build.0 = Debug|Any CPU
		{4D74615D-9620-4E6B-ADC5-226FD02DD427}.Release|Any CPU.ActiveCfg = Release|Any CPU
		{4D74615D-9620-4E6B-ADC5-226FD02DD427}.Release|Any CPU.Build.0 = Release|Any CPU
		{08772A72-00E7-4EBF-BE36-6A32927EC959}.Debug|Any CPU.ActiveCfg = Debug|Any CPU
		{08772A72-00E7-4EBF-BE36-6A32927EC959}.Debug|Any CPU.Build.0 = Debug|Any CPU
		{08772A72-00E7-4EBF-BE36-6A32927EC959}.Release|Any CPU.ActiveCfg = Release|Any CPU
		{08772A72-00E7-4EBF-BE36-6A32927EC959}.Release|Any CPU.Build.0 = Release|Any CPU
		{C66B381F-232F-413D-B545-C4C1A8B40D6F}.Debug|Any CPU.ActiveCfg = Debug|Any CPU
		{C66B381F-232F-413D-B545-C4C1A8B40D6F}.Debug|Any CPU.Build.0 = Debug|Any CPU
		{C66B381F-232F-413D-B545-C4C1A8B40D6F}.Release|Any CPU.ActiveCfg = Release|Any CPU
		{C66B381F-232F-413D-B545-C4C1A8B40D6F}.Release|Any CPU.Build.0 = Release|Any CPU
		{4D2BCD61-CD43-4AA8-ACF8-ED54C7F74C7A}.Debug|Any CPU.ActiveCfg = Debug|Any CPU
		{4D2BCD61-CD43-4AA8-ACF8-ED54C7F74C7A}.Debug|Any CPU.Build.0 = Debug|Any CPU
		{4D2BCD61-CD43-4AA8-ACF8-ED54C7F74C7A}.Release|Any CPU.ActiveCfg = Release|Any CPU
		{4D2BCD61-CD43-4AA8-ACF8-ED54C7F74C7A}.Release|Any CPU.Build.0 = Release|Any CPU
		{4B40E0F9-635B-4179-9A28-53ACD8C8F686}.Debug|Any CPU.ActiveCfg = Debug|Any CPU
		{4B40E0F9-635B-4179-9A28-53ACD8C8F686}.Debug|Any CPU.Build.0 = Debug|Any CPU
		{4B40E0F9-635B-4179-9A28-53ACD8C8F686}.Release|Any CPU.ActiveCfg = Release|Any CPU
		{4B40E0F9-635B-4179-9A28-53ACD8C8F686}.Release|Any CPU.Build.0 = Release|Any CPU
		{F2AC415D-28E5-4AFF-AAD4-2686F6AE7F08}.Debug|Any CPU.ActiveCfg = Debug|Any CPU
		{F2AC415D-28E5-4AFF-AAD4-2686F6AE7F08}.Debug|Any CPU.Build.0 = Debug|Any CPU
		{F2AC415D-28E5-4AFF-AAD4-2686F6AE7F08}.Release|Any CPU.ActiveCfg = Release|Any CPU
		{F2AC415D-28E5-4AFF-AAD4-2686F6AE7F08}.Release|Any CPU.Build.0 = Release|Any CPU
	EndGlobalSection
	GlobalSection(SolutionProperties) = preSolution
		HideSolutionNode = FALSE
	EndGlobalSection
	GlobalSection(ExtensibilityGlobals) = postSolution
		SolutionGuid = {52B7F3CF-CD86-4AD8-B3BF-04EF8B943D36}
	EndGlobalSection
EndGlobal
